
Microsoft Visual Studio Solution File, Format Version 12.00
# Visual Studio Version 17
VisualStudioVersion = 17.4.33213.308
MinimumVisualStudioVersion = 10.0.40219.1
Project("{FAE04EC0-301F-11D3-BF4B-00C04F79EFBC}") = "LoanAccelerator", "LoanAccelerator\LoanAccelerator.csproj", "{B8065A87-7D2A-4F11-A3A1-66D6C2CD71C3}"
EndProject
Global
	GlobalSection(SolutionConfigurationPlatforms) = preSolution
		Debug|Any CPU = Debug|Any CPU
		Release|Any CPU = Release|Any CPU
	EndGlobalSection
	GlobalSection(ProjectConfigurationPlatforms) = postSolution
		{B8065A87-7D2A-4F11-A3A1-66D6C2CD71C3}.Debug|Any CPU.ActiveCfg = Debug|Any CPU
		{B8065A87-7D2A-4F11-A3A1-66D6C2CD71C3}.Debug|Any CPU.Build.0 = Debug|Any CPU
		{B8065A87-7D2A-4F11-A3A1-66D6C2CD71C3}.Release|Any CPU.ActiveCfg = Release|Any CPU
		{B8065A87-7D2A-4F11-A3A1-66D6C2CD71C3}.Release|Any CPU.Build.0 = Release|Any CPU
	EndGlobalSection
	GlobalSection(SolutionProperties) = preSolution
		HideSolutionNode = FALSE
	EndGlobalSection
	GlobalSection(ExtensibilityGlobals) = postSolution
		SolutionGuid = {8EF21AA1-FE9D-422F-A6D6-8F19CC0C827B}
	EndGlobalSection
EndGlobal
