
Microsoft Visual Studio Solution File, Format Version 12.00
# Visual Studio Version 17
VisualStudioVersion = 17.4.33213.308
MinimumVisualStudioVersion = 10.0.40219.1
Project("{FAE04EC0-301F-11D3-BF4B-00C04F79EFBC}") = "Test", "MUnit\Test.csproj", "{F7D61D70-E4EC-4AD7-A51A-DF80A61BE1C9}"
EndProject
Project("{FAE04EC0-301F-11D3-BF4B-00C04F79EFBC}") = "MathOperations", "MathOperations\MathOperations.csproj", "{689EDB82-C107-42DE-8583-2813C99720B2}"
EndProject
Project("{FAE04EC0-301F-11D3-BF4B-00C04F79EFBC}") = "Calculations", "Calculations\Calculations.csproj", "{92FA8C61-370E-46E6-862B-892F0C8982E8}"
EndProject
Global
	GlobalSection(SolutionConfigurationPlatforms) = preSolution
		Debug|Any CPU = Debug|Any CPU
		Release|Any CPU = Release|Any CPU
	EndGlobalSection
	GlobalSection(ProjectConfigurationPlatforms) = postSolution
		{F7D61D70-E4EC-4AD7-A51A-DF80A61BE1C9}.Debug|Any CPU.ActiveCfg = Debug|Any CPU
		{F7D61D70-E4EC-4AD7-A51A-DF80A61BE1C9}.Debug|Any CPU.Build.0 = Debug|Any CPU
		{F7D61D70-E4EC-4AD7-A51A-DF80A61BE1C9}.Release|Any CPU.ActiveCfg = Release|Any CPU
		{F7D61D70-E4EC-4AD7-A51A-DF80A61BE1C9}.Release|Any CPU.Build.0 = Release|Any CPU
		{689EDB82-C107-42DE-8583-2813C99720B2}.Debug|Any CPU.ActiveCfg = Debug|Any CPU
		{689EDB82-C107-42DE-8583-2813C99720B2}.Debug|Any CPU.Build.0 = Debug|Any CPU
		{689EDB82-C107-42DE-8583-2813C99720B2}.Release|Any CPU.ActiveCfg = Release|Any CPU
		{689EDB82-C107-42DE-8583-2813C99720B2}.Release|Any CPU.Build.0 = Release|Any CPU
		{92FA8C61-370E-46E6-862B-892F0C8982E8}.Debug|Any CPU.ActiveCfg = Debug|Any CPU
		{92FA8C61-370E-46E6-862B-892F0C8982E8}.Debug|Any CPU.Build.0 = Debug|Any CPU
		{92FA8C61-370E-46E6-862B-892F0C8982E8}.Release|Any CPU.ActiveCfg = Release|Any CPU
		{92FA8C61-370E-46E6-862B-892F0C8982E8}.Release|Any CPU.Build.0 = Release|Any CPU
	EndGlobalSection
	GlobalSection(SolutionProperties) = preSolution
		HideSolutionNode = FALSE
	EndGlobalSection
	GlobalSection(ExtensibilityGlobals) = postSolution
		SolutionGuid = {86E80831-EA09-4AB6-98A9-D9A2C3B428FD}
	EndGlobalSection
EndGlobal
