
Microsoft Visual Studio Solution File, Format Version 12.00
# Visual Studio Version 17
VisualStudioVersion = 17.4.33213.308
MinimumVisualStudioVersion = 10.0.40219.1
Project("{FAE04EC0-301F-11D3-BF4B-00C04F79EFBC}") = "ADO_Assessment", "ADO_Assessment\ADO_Assessment.csproj", "{D919E566-7F5B-4521-BB2C-BD5008F62908}"
EndProject
Global
	GlobalSection(SolutionConfigurationPlatforms) = preSolution
		Debug|Any CPU = Debug|Any CPU
		Release|Any CPU = Release|Any CPU
	EndGlobalSection
	GlobalSection(ProjectConfigurationPlatforms) = postSolution
		{D919E566-7F5B-4521-BB2C-BD5008F62908}.Debug|Any CPU.ActiveCfg = Debug|Any CPU
		{D919E566-7F5B-4521-BB2C-BD5008F62908}.Debug|Any CPU.Build.0 = Debug|Any CPU
		{D919E566-7F5B-4521-BB2C-BD5008F62908}.Release|Any CPU.ActiveCfg = Release|Any CPU
		{D919E566-7F5B-4521-BB2C-BD5008F62908}.Release|Any CPU.Build.0 = Release|Any CPU
	EndGlobalSection
	GlobalSection(SolutionProperties) = preSolution
		HideSolutionNode = FALSE
	EndGlobalSection
	GlobalSection(ExtensibilityGlobals) = postSolution
		SolutionGuid = {A4671970-2F3A-44A7-9C64-38EE2749CC3C}
	EndGlobalSection
EndGlobal
