
Microsoft Visual Studio Solution File, Format Version 12.00
# Visual Studio Version 17
VisualStudioVersion = 17.4.33213.308
MinimumVisualStudioVersion = 10.0.40219.1
Project("{9A19103F-16F7-4668-BE54-9A1E7A4F7556}") = "LINQ", "LINQ\LINQ.csproj", "{2D53A442-56FA-4899-BF14-EE40B578EDE1}"
EndProject
Project("{FAE04EC0-301F-11D3-BF4B-00C04F79EFBC}") = "LINQ_to_SQL", "..\..\LINQ_to_SQL\LINQ_to_SQL.csproj", "{614F4012-1281-467F-A763-3AFDB2CCBC20}"
EndProject
Global
	GlobalSection(SolutionConfigurationPlatforms) = preSolution
		Debug|Any CPU = Debug|Any CPU
		Release|Any CPU = Release|Any CPU
	EndGlobalSection
	GlobalSection(ProjectConfigurationPlatforms) = postSolution
		{2D53A442-56FA-4899-BF14-EE40B578EDE1}.Debug|Any CPU.ActiveCfg = Debug|Any CPU
		{2D53A442-56FA-4899-BF14-EE40B578EDE1}.Debug|Any CPU.Build.0 = Debug|Any CPU
		{2D53A442-56FA-4899-BF14-EE40B578EDE1}.Release|Any CPU.ActiveCfg = Release|Any CPU
		{2D53A442-56FA-4899-BF14-EE40B578EDE1}.Release|Any CPU.Build.0 = Release|Any CPU
		{614F4012-1281-467F-A763-3AFDB2CCBC20}.Debug|Any CPU.ActiveCfg = Debug|Any CPU
		{614F4012-1281-467F-A763-3AFDB2CCBC20}.Debug|Any CPU.Build.0 = Debug|Any CPU
		{614F4012-1281-467F-A763-3AFDB2CCBC20}.Release|Any CPU.ActiveCfg = Release|Any CPU
		{614F4012-1281-467F-A763-3AFDB2CCBC20}.Release|Any CPU.Build.0 = Release|Any CPU
	EndGlobalSection
	GlobalSection(SolutionProperties) = preSolution
		HideSolutionNode = FALSE
	EndGlobalSection
	GlobalSection(ExtensibilityGlobals) = postSolution
		SolutionGuid = {1CAB32F8-C601-4615-82E3-47BE7CC58C29}
	EndGlobalSection
EndGlobal
