
Microsoft Visual Studio Solution File, Format Version 12.00
# Visual Studio Version 17
VisualStudioVersion = 17.4.33213.308
MinimumVisualStudioVersion = 10.0.40219.1
Project("{FAE04EC0-301F-11D3-BF4B-00C04F79EFBC}") = "Collections", "Collections\Collections.csproj", "{4354A4E9-73A2-4515-933C-8EA946C9AEAC}"
EndProject
Global
	GlobalSection(SolutionConfigurationPlatforms) = preSolution
		Debug|Any CPU = Debug|Any CPU
		Release|Any CPU = Release|Any CPU
	EndGlobalSection
	GlobalSection(ProjectConfigurationPlatforms) = postSolution
		{4354A4E9-73A2-4515-933C-8EA946C9AEAC}.Debug|Any CPU.ActiveCfg = Debug|Any CPU
		{4354A4E9-73A2-4515-933C-8EA946C9AEAC}.Debug|Any CPU.Build.0 = Debug|Any CPU
		{4354A4E9-73A2-4515-933C-8EA946C9AEAC}.Release|Any CPU.ActiveCfg = Release|Any CPU
		{4354A4E9-73A2-4515-933C-8EA946C9AEAC}.Release|Any CPU.Build.0 = Release|Any CPU
	EndGlobalSection
	GlobalSection(SolutionProperties) = preSolution
		HideSolutionNode = FALSE
	EndGlobalSection
	GlobalSection(ExtensibilityGlobals) = postSolution
		SolutionGuid = {FBA4621B-D413-4135-8934-0226C646B0EC}
	EndGlobalSection
EndGlobal
