
Microsoft Visual Studio Solution File, Format Version 12.00
# Visual Studio Version 17
VisualStudioVersion = 17.4.33213.308
MinimumVisualStudioVersion = 10.0.40219.1
Project("{FAE04EC0-301F-11D3-BF4B-00C04F79EFBC}") = "Relationship1", "Relationship1\Relationship1.csproj", "{743042E4-91C9-4488-9D53-B9290758F104}"
EndProject
Project("{FAE04EC0-301F-11D3-BF4B-00C04F79EFBC}") = "Relation2", "Relation2\Relation2.csproj", "{BEF0DDBB-940D-4C10-92B0-89FB1D392AE8}"
EndProject
Global
	GlobalSection(SolutionConfigurationPlatforms) = preSolution
		Debug|Any CPU = Debug|Any CPU
		Release|Any CPU = Release|Any CPU
	EndGlobalSection
	GlobalSection(ProjectConfigurationPlatforms) = postSolution
		{743042E4-91C9-4488-9D53-B9290758F104}.Debug|Any CPU.ActiveCfg = Debug|Any CPU
		{743042E4-91C9-4488-9D53-B9290758F104}.Debug|Any CPU.Build.0 = Debug|Any CPU
		{743042E4-91C9-4488-9D53-B9290758F104}.Release|Any CPU.ActiveCfg = Release|Any CPU
		{743042E4-91C9-4488-9D53-B9290758F104}.Release|Any CPU.Build.0 = Release|Any CPU
		{BEF0DDBB-940D-4C10-92B0-89FB1D392AE8}.Debug|Any CPU.ActiveCfg = Debug|Any CPU
		{BEF0DDBB-940D-4C10-92B0-89FB1D392AE8}.Debug|Any CPU.Build.0 = Debug|Any CPU
		{BEF0DDBB-940D-4C10-92B0-89FB1D392AE8}.Release|Any CPU.ActiveCfg = Release|Any CPU
		{BEF0DDBB-940D-4C10-92B0-89FB1D392AE8}.Release|Any CPU.Build.0 = Release|Any CPU
	EndGlobalSection
	GlobalSection(SolutionProperties) = preSolution
		HideSolutionNode = FALSE
	EndGlobalSection
	GlobalSection(ExtensibilityGlobals) = postSolution
		SolutionGuid = {4BEF92DF-2A57-430E-965F-1D5405F994C9}
	EndGlobalSection
EndGlobal
